# generated by rye
# use `rye lock` or `rye sync` to update this lockfile
#
# last locked with the following flags:
#   pre: false
#   features: []
#   all-features: false
#   with-sources: false

-e file:.
annotated-types==0.7.0
    # via pydantic
appnope==0.1.4
    # via ipykernel
asttokens==2.4.1
    # via stack-data
attrs==23.2.0
    # via jsonschema
    # via referencing
black==24.4.2
    # via texty
certifi==2024.2.2
    # via requests
charset-normalizer==3.3.2
    # via requests
click==8.1.7
    # via black
cloudpickle==3.0.0
    # via outlines
comm==0.2.2
    # via ipykernel
debugpy==1.8.1
    # via ipykernel
decorator==5.1.1
    # via ipython
diskcache==5.6.3
    # via outlines
executing==2.0.1
    # via stack-data
idna==3.7
    # via requests
interegular==0.3.3
    # via outlines
ipykernel==6.29.4
    # via texty
ipython==8.24.0
    # via ipykernel
jedi==0.19.1
    # via ipython
jinja2==3.1.4
    # via outlines
jsonschema==4.22.0
    # via outlines
jsonschema-specifications==2023.12.1
    # via jsonschema
jupyter-client==8.6.1
    # via ipykernel
jupyter-core==5.7.2
    # via ipykernel
    # via jupyter-client
lark==1.1.9
    # via outlines
llvmlite==0.42.0
    # via numba
markupsafe==2.1.5
    # via jinja2
matplotlib-inline==0.1.7
    # via ipykernel
    # via ipython
mypy-extensions==1.0.0
    # via black
nest-asyncio==1.6.0
    # via ipykernel
    # via outlines
numba==0.59.1
    # via outlines
numpy==1.26.4
    # via numba
    # via outlines
outlines==0.0.41
    # via texty
packaging==24.0
    # via black
    # via ipykernel
parso==0.8.4
    # via jedi
pathspec==0.12.1
    # via black
pexpect==4.9.0
    # via ipython
platformdirs==4.2.2
    # via black
    # via jupyter-core
prompt-toolkit==3.0.43
    # via ipython
psutil==5.9.8
    # via ipykernel
ptyprocess==0.7.0
    # via pexpect
pure-eval==0.2.2
    # via stack-data
pydantic==2.7.1
    # via outlines
pydantic-core==2.18.2
    # via pydantic
pygments==2.18.0
    # via ipython
python-dateutil==2.9.0.post0
    # via jupyter-client
python-dotenv==1.0.1
    # via texty
pyzmq==26.0.3
    # via ipykernel
    # via jupyter-client
referencing==0.35.1
    # via jsonschema
    # via jsonschema-specifications
    # via outlines
requests==2.32.1
    # via outlines
rpds-py==0.18.1
    # via jsonschema
    # via referencing
six==1.16.0
    # via asttokens
    # via python-dateutil
stack-data==0.6.3
    # via ipython
tornado==6.4
    # via ipykernel
    # via jupyter-client
traitlets==5.14.3
    # via comm
    # via ipykernel
    # via ipython
    # via jupyter-client
    # via jupyter-core
    # via matplotlib-inline
typing-extensions==4.11.0
    # via ipython
    # via pydantic
    # via pydantic-core
urllib3==2.2.1
    # via requests
wcwidth==0.2.13
    # via prompt-toolkit
